
Microsoft Visual Studio Solution File, Format Version 12.00
# Visual Studio Version 17
VisualStudioVersion = 17.13.35828.75 d17.13
MinimumVisualStudioVersion = 10.0.40219.1
Project("{FAE04EC0-301F-11D3-BF4B-00C04F79EFBC}") = "Csharp_Test_Client", "Csharp_Test_Client\Csharp_Test_Client.csproj", "{C502CFBC-065B-40BD-8F9E-ECE13AB36E65}"
EndProject
Global
	GlobalSection(SolutionConfigurationPlatforms) = preSolution
		Debug|Any CPU = Debug|Any CPU
		Release|Any CPU = Release|Any CPU
	EndGlobalSection
	GlobalSection(ProjectConfigurationPlatforms) = postSolution
		{C502CFBC-065B-40BD-8F9E-ECE13AB36E65}.Debug|Any CPU.ActiveCfg = Debug|Any CPU
		{C502CFBC-065B-40BD-8F9E-ECE13AB36E65}.Debug|Any CPU.Build.0 = Debug|Any CPU
		{C502CFBC-065B-40BD-8F9E-ECE13AB36E65}.Release|Any CPU.ActiveCfg = Release|Any CPU
		{C502CFBC-065B-40BD-8F9E-ECE13AB36E65}.Release|Any CPU.Build.0 = Release|Any CPU
	EndGlobalSection
	GlobalSection(SolutionProperties) = preSolution
		HideSolutionNode = FALSE
	EndGlobalSection
	GlobalSection(ExtensibilityGlobals) = postSolution
		SolutionGuid = {52AF3437-6355-4411-B93C-48153980B774}
	EndGlobalSection
EndGlobal
